<?xml version="1.0" encoding="utf-8"?>
<Project ToolsVersion="4.0" xmlns="http://schemas.microsoft.com/developer/msbuild/2003">
  <ItemGroup>
    <ClCompile Include="Math.cpp" />
    <ClCompile Include="VGL.cpp" />
    <ClCompile Include="GL.cpp" />
    <ClCompile Include="Rasterizer.cpp" />
  </ItemGroup>
  <ItemGroup>
    <ClInclude Include="Math.hpp" />
    <ClInclude Include="VGL.hpp" />
    <ClInclude Include="GL.hpp" />
    <ClInclude Include="Rasterizer.hpp" />
    <ClInclude Include="VGLInternal.hpp" />
    <ClInclude Include="GLInternal.hpp" />
  </ItemGroup>
</Project>